// !$*UTF8*$!
{
	archiveVersion = 1;
	classes = {
	};
	objectVersion = 56;
	objects = {

/* Begin PBXBuildFile section */
		6AE33A9D2B89A1F1008E2F4D /* StackLayoutApp.swift in Sources */ = {isa = PBXBuildFile; fileRef = 6AE33A9C2B89A1F1008E2F4D /* StackLayoutApp.swift */; };
		6AE33A9F2B89A1F1008E2F4D /* ContentView.swift in Sources */ = {isa = PBXBuildFile; fileRef = 6AE33A9E2B89A1F1008E2F4D /* ContentView.swift */; };
		6AE33AA12B89A1F3008E2F4D /* Assets.xcassets in Resources */ = {isa = PBXBuildFile; fileRef = 6AE33AA02B89A1F3008E2F4D /* Assets.xcassets */; };
		6AE33AA42B89A1F3008E2F4D /* Preview Assets.xcassets in Resources */ = {isa = PBXBuildFile; fileRef = 6AE33AA32B89A1F3008E2F4D /* Preview Assets.xcassets */; };
		6AE33AAF2B89A4F3008E2F4D /* Food.swift in Sources */ = {isa = PBXBuildFile; fileRef = 6AE33AAE2B89A4F3008E2F4D /* Food.swift */; };
		6AE33AB22B89A87A008E2F4D /* FoodCard.swift in Sources */ = {isa = PBXBuildFile; fileRef = 6AE33AB12B89A87A008E2F4D /* FoodCard.swift */; };
/* End PBXBuildFile section */

/* Begin PBXFileReference section */
		6AE33A992B89A1F1008E2F4D /* StackLayout.app */ = {isa = PBXFileReference; explicitFileType = wrapper.application; includeInIndex = 0; path = StackLayout.app; sourceTree = BUILT_PRODUCTS_DIR; };
		6AE33A9C2B89A1F1008E2F4D /* StackLayoutApp.swift */ = {isa = PBXFileReference; lastKnownFileType = sourcecode.swift; path = StackLayoutApp.swift; sourceTree = "<group>"; };
		6AE33A9E2B89A1F1008E2F4D /* ContentView.swift */ = {isa = PBXFileReference; lastKnownFileType = sourcecode.swift; path = ContentView.swift; sourceTree = "<group>"; };
		6AE33AA02B89A1F3008E2F4D /* Assets.xcassets */ = {isa = PBXFileReference; lastKnownFileType = folder.assetcatalog; path = Assets.xcassets; sourceTree = "<group>"; };
		6AE33AA32B89A1F3008E2F4D /* Preview Assets.xcassets */ = {isa = PBXFileReference; lastKnownFileType = folder.assetcatalog; path = "Preview Assets.xcassets"; sourceTree = "<group>"; };
		6AE33AAE2B89A4F3008E2F4D /* Food.swift */ = {isa = PBXFileReference; lastKnownFileType = sourcecode.swift; path = Food.swift; sourceTree = "<group>"; };
		6AE33AB12B89A87A008E2F4D /* FoodCard.swift */ = {isa = PBXFileReference; lastKnownFileType = sourcecode.swift; path = FoodCard.swift; sourceTree = "<group>"; };
/* End PBXFileReference section */

/* Begin PBXFrameworksBuildPhase section */
		6AE33A962B89A1F1008E2F4D /* Frameworks */ = {
			isa = PBXFrameworksBuildPhase;
			buildActionMask = 2147483647;
			files = (
			);
			runOnlyForDeploymentPostprocessing = 0;
		};
/* End PBXFrameworksBuildPhase section */

/* Begin PBXGroup section */
		6AE33A902B89A1F1008E2F4D = {
			isa = PBXGroup;
			children = (
				6AE33A9B2B89A1F1008E2F4D /* StackLayout */,
				6AE33A9A2B89A1F1008E2F4D /* Products */,
			);
			sourceTree = "<group>";
		};
		6AE33A9A2B89A1F1008E2F4D /* Products */ = {
			isa = PBXGroup;
			children = (
				6AE33A992B89A1F1008E2F4D /* StackLayout.app */,
			);
			name = Products;
			sourceTree = "<group>";
		};
		6AE33A9B2B89A1F1008E2F4D /* StackLayout */ = {
			isa = PBXGroup;
			children = (
				6AE33AAD2B89A4DD008E2F4D /* Model */,
				6AE33AAC2B89A2EB008E2F4D /* Resources */,
				6AE33AAB2B89A20D008E2F4D /* Screen */,
				6AE33AAA2B89A206008E2F4D /* App */,
				6AE33AA02B89A1F3008E2F4D /* Assets.xcassets */,
				6AE33AA22B89A1F3008E2F4D /* Preview Content */,
			);
			path = StackLayout;
			sourceTree = "<group>";
		};
		6AE33AA22B89A1F3008E2F4D /* Preview Content */ = {
			isa = PBXGroup;
			children = (
				6AE33AA32B89A1F3008E2F4D /* Preview Assets.xcassets */,
			);
			path = "Preview Content";
			sourceTree = "<group>";
		};
		6AE33AAA2B89A206008E2F4D /* App */ = {
			isa = PBXGroup;
			children = (
				6AE33A9C2B89A1F1008E2F4D /* StackLayoutApp.swift */,
			);
			path = App;
			sourceTree = "<group>";
		};
		6AE33AAB2B89A20D008E2F4D /* Screen */ = {
			isa = PBXGroup;
			children = (
				6AE33AB02B89A853008E2F4D /* Components */,
				6AE33A9E2B89A1F1008E2F4D /* ContentView.swift */,
			);
			path = Screen;
			sourceTree = "<group>";
		};
		6AE33AAC2B89A2EB008E2F4D /* Resources */ = {
			isa = PBXGroup;
			children = (
			);
			path = Resources;
			sourceTree = "<group>";
		};
		6AE33AAD2B89A4DD008E2F4D /* Model */ = {
			isa = PBXGroup;
			children = (
				6AE33AAE2B89A4F3008E2F4D /* Food.swift */,
			);
			path = Model;
			sourceTree = "<group>";
		};
		6AE33AB02B89A853008E2F4D /* Components */ = {
			isa = PBXGroup;
			children = (
				6AE33AB12B89A87A008E2F4D /* FoodCard.swift */,
			);
			path = Components;
			sourceTree = "<group>";
		};
/* End PBXGroup section */

/* Begin PBXNativeTarget section */
		6AE33A982B89A1F1008E2F4D /* StackLayout */ = {
			isa = PBXNativeTarget;
			buildConfigurationList = 6AE33AA72B89A1F3008E2F4D /* Build configuration list for PBXNativeTarget "StackLayout" */;
			buildPhases = (
				6AE33A952B89A1F1008E2F4D /* Sources */,
				6AE33A962B89A1F1008E2F4D /* Frameworks */,
				6AE33A972B89A1F1008E2F4D /* Resources */,
			);
			buildRules = (
			);
			dependencies = (
			);
			name = StackLayout;
			productName = StackLayout;
			productReference = 6AE33A992B89A1F1008E2F4D /* StackLayout.app */;
			productType = "com.apple.product-type.application";
		};
/* End PBXNativeTarget section */

/* Begin PBXProject section */
		6AE33A912B89A1F1008E2F4D /* Project object */ = {
			isa = PBXProject;
			attributes = {
				BuildIndependentTargetsInParallel = 1;
				LastSwiftUpdateCheck = 1520;
				LastUpgradeCheck = 1520;
				TargetAttributes = {
					6AE33A982B89A1F1008E2F4D = {
						CreatedOnToolsVersion = 15.2;
					};
				};
			};
			buildConfigurationList = 6AE33A942B89A1F1008E2F4D /* Build configuration list for PBXProject "StackLayout" */;
			compatibilityVersion = "Xcode 14.0";
			developmentRegion = en;
			hasScannedForEncodings = 0;
			knownRegions = (
				en,
				Base,
			);
			mainGroup = 6AE33A902B89A1F1008E2F4D;
			productRefGroup = 6AE33A9A2B89A1F1008E2F4D /* Products */;
			projectDirPath = "";
			projectRoot = "";
			targets = (
				6AE33A982B89A1F1008E2F4D /* StackLayout */,
			);
		};
/* End PBXProject section */

/* Begin PBXResourcesBuildPhase section */
		6AE33A972B89A1F1008E2F4D /* Resources */ = {
			isa = PBXResourcesBuildPhase;
			buildActionMask = 2147483647;
			files = (
				6AE33AA42B89A1F3008E2F4D /* Preview Assets.xcassets in Resources */,
				6AE33AA12B89A1F3008E2F4D /* Assets.xcassets in Resources */,
			);
			runOnlyForDeploymentPostprocessing = 0;
		};
/* End PBXResourcesBuildPhase section */

/* Begin PBXSourcesBuildPhase section */
		6AE33A952B89A1F1008E2F4D /* Sources */ = {
			isa = PBXSourcesBuildPhase;
			buildActionMask = 2147483647;
			files = (
				6AE33A9F2B89A1F1008E2F4D /* ContentView.swift in Sources */,
				6AE33A9D2B89A1F1008E2F4D /* StackLayoutApp.swift in Sources */,
				6AE33AAF2B89A4F3008E2F4D /* Food.swift in Sources */,
				6AE33AB22B89A87A008E2F4D /* FoodCard.swift in Sources */,
			);
			runOnlyForDeploymentPostprocessing = 0;
		};
/* End PBXSourcesBuildPhase section */

/* Begin XCBuildConfiguration section */
		6AE33AA52B89A1F3008E2F4D /* Debug */ = {
			isa = XCBuildConfiguration;
			buildSettings = {
				ALWAYS_SEARCH_USER_PATHS = NO;
				ASSETCATALOG_COMPILER_GENERATE_SWIFT_ASSET_SYMBOL_EXTENSIONS = YES;
				CLANG_ANALYZER_NONNULL = YES;
				CLANG_ANALYZER_NUMBER_OBJECT_CONVERSION = YES_AGGRESSIVE;
				CLANG_CXX_LANGUAGE_STANDARD = "gnu++20";
				CLANG_ENABLE_MODULES = YES;
				CLANG_ENABLE_OBJC_ARC = YES;
				CLANG_ENABLE_OBJC_WEAK = YES;
				CLANG_WARN_BLOCK_CAPTURE_AUTORELEASING = YES;
				CLANG_WARN_BOOL_CONVERSION = YES;
				CLANG_WARN_COMMA = YES;
				CLANG_WARN_CONSTANT_CONVERSION = YES;
				CLANG_WARN_DEPRECATED_OBJC_IMPLEMENTATIONS = YES;
				CLANG_WARN_DIRECT_OBJC_ISA_USAGE = YES_ERROR;
				CLANG_WARN_DOCUMENTATION_COMMENTS = YES;
				CLANG_WARN_EMPTY_BODY = YES;
				CLANG_WARN_ENUM_CONVERSION = YES;
				CLANG_WARN_INFINITE_RECURSION = YES;
				CLANG_WARN_INT_CONVERSION = YES;
				CLANG_WARN_NON_LITERAL_NULL_CONVERSION = YES;
				CLANG_WARN_OBJC_IMPLICIT_RETAIN_SELF = YES;
				CLANG_WARN_OBJC_LITERAL_CONVERSION = YES;
				CLANG_WARN_OBJC_ROOT_CLASS = YES_ERROR;
				CLANG_WARN_QUOTED_INCLUDE_IN_FRAMEWORK_HEADER = YES;
				CLANG_WARN_RANGE_LOOP_ANALYSIS = YES;
				CLANG_WARN_STRICT_PROTOTYPES = YES;
				CLANG_WARN_SUSPICIOUS_MOVE = YES;
				CLANG_WARN_UNGUARDED_AVAILABILITY = YES_AGGRESSIVE;
				CLANG_WARN_UNREACHABLE_CODE = YES;
				CLANG_WARN__DUPLICATE_METHOD_MATCH = YES;
				COPY_PHASE_STRIP = NO;
				DEBUG_INFORMATION_FORMAT = dwarf;
				ENABLE_STRICT_OBJC_MSGSEND = YES;
				ENABLE_TESTABILITY = YES;
				ENABLE_USER_SCRIPT_SANDBOXING = YES;
				GCC_C_LANGUAGE_STANDARD = gnu17;
				GCC_DYNAMIC_NO_PIC = NO;
				GCC_NO_COMMON_BLOCKS = YES;
				GCC_OPTIMIZATION_LEVEL = 0;
				GCC_PREPROCESSOR_DEFINITIONS = (
					"DEBUG=1",
					"$(inherited)",
				);
				GCC_WARN_64_TO_32_BIT_CONVERSION = YES;
				GCC_WARN_ABOUT_RETURN_TYPE = YES_ERROR;
				GCC_WARN_UNDECLARED_SELECTOR = YES;
				GCC_WARN_UNINITIALIZED_AUTOS = YES_AGGRESSIVE;
				GCC_WARN_UNUSED_FUNCTION = YES;
				GCC_WARN_UNUSED_VARIABLE = YES;
				IPHONEOS_DEPLOYMENT_TARGET = 17.2;
				LOCALIZATION_PREFERS_STRING_CATALOGS = YES;
				MTL_ENABLE_DEBUG_INFO = INCLUDE_SOURCE;
				MTL_FAST_MATH = YES;
				ONLY_ACTIVE_ARCH = YES;
				SDKROOT = iphoneos;
				SWIFT_ACTIVE_COMPILATION_CONDITIONS = "DEBUG $(inherited)";
				SWIFT_OPTIMIZATION_LEVEL = "-Onone";
			};
			name = Debug;
		};
		6AE33AA62B89A1F3008E2F4D /* Release */ = {
			isa = XCBuildConfiguration;
			buildSettings = {
				ALWAYS_SEARCH_USER_PATHS = NO;
				ASSETCATALOG_COMPILER_GENERATE_SWIFT_ASSET_SYMBOL_EXTENSIONS = YES;
				CLANG_ANALYZER_NONNULL = YES;
				CLANG_ANALYZER_NUMBER_OBJECT_CONVERSION = YES_AGGRESSIVE;
				CLANG_CXX_LANGUAGE_STANDARD = "gnu++20";
				CLANG_ENABLE_MODULES = YES;
				CLANG_ENABLE_OBJC_ARC = YES;
				CLANG_ENABLE_OBJC_WEAK = YES;
				CLANG_WARN_BLOCK_CAPTURE_AUTORELEASING = YES;
				CLANG_WARN_BOOL_CONVERSION = YES;
				CLANG_WARN_COMMA = YES;
				CLANG_WARN_CONSTANT_CONVERSION = YES;
				CLANG_WARN_DEPRECATED_OBJC_IMPLEMENTATIONS = YES;
				CLANG_WARN_DIRECT_OBJC_ISA_USAGE = YES_ERROR;
				CLANG_WARN_DOCUMENTATION_COMMENTS = YES;
				CLANG_WARN_EMPTY_BODY = YES;
				CLANG_WARN_ENUM_CONVERSION = YES;
				CLANG_WARN_INFINITE_RECURSION = YES;
				CLANG_WARN_INT_CONVERSION = YES;
				CLANG_WARN_NON_LITERAL_NULL_CONVERSION = YES;
				CLANG_WARN_OBJC_IMPLICIT_RETAIN_SELF = YES;
				CLANG_WARN_OBJC_LITERAL_CONVERSION = YES;
				CLANG_WARN_OBJC_ROOT_CLASS = YES_ERROR;
				CLANG_WARN_QUOTED_INCLUDE_IN_FRAMEWORK_HEADER = YES;
				CLANG_WARN_RANGE_LOOP_ANALYSIS = YES;
				CLANG_WARN_STRICT_PROTOTYPES = YES;
				CLANG_WARN_SUSPICIOUS_MOVE = YES;
				CLANG_WARN_UNGUARDED_AVAILABILITY = YES_AGGRESSIVE;
				CLANG_WARN_UNREACHABLE_CODE = YES;
				CLANG_WARN__DUPLICATE_METHOD_MATCH = YES;
				COPY_PHASE_STRIP = NO;
				DEBUG_INFORMATION_FORMAT = "dwarf-with-dsym";
				ENABLE_NS_ASSERTIONS = NO;
				ENABLE_STRICT_OBJC_MSGSEND = YES;
				ENABLE_USER_SCRIPT_SANDBOXING = YES;
				GCC_C_LANGUAGE_STANDARD = gnu17;
				GCC_NO_COMMON_BLOCKS = YES;
				GCC_WARN_64_TO_32_BIT_CONVERSION = YES;
				GCC_WARN_ABOUT_RETURN_TYPE = YES_ERROR;
				GCC_WARN_UNDECLARED_SELECTOR = YES;
				GCC_WARN_UNINITIALIZED_AUTOS = YES_AGGRESSIVE;
				GCC_WARN_UNUSED_FUNCTION = YES;
				GCC_WARN_UNUSED_VARIABLE = YES;
				IPHONEOS_DEPLOYMENT_TARGET = 17.2;
				LOCALIZATION_PREFERS_STRING_CATALOGS = YES;
				MTL_ENABLE_DEBUG_INFO = NO;
				MTL_FAST_MATH = YES;
				SDKROOT = iphoneos;
				SWIFT_COMPILATION_MODE = wholemodule;
				VALIDATE_PRODUCT = YES;
			};
			name = Release;
		};
		6AE33AA82B89A1F3008E2F4D /* Debug */ = {
			isa = XCBuildConfiguration;
			buildSettings = {
				ASSETCATALOG_COMPILER_APPICON_NAME = AppIcon;
				ASSETCATALOG_COMPILER_GLOBAL_ACCENT_COLOR_NAME = AccentColor;
				CODE_SIGN_STYLE = Automatic;
				CURRENT_PROJECT_VERSION = 1;
				DEVELOPMENT_ASSET_PATHS = "\"StackLayout/Preview Content\"";
				DEVELOPMENT_TEAM = WWDPD7C8KU;
				ENABLE_PREVIEWS = YES;
				GENERATE_INFOPLIST_FILE = YES;
				INFOPLIST_KEY_UIApplicationSceneManifest_Generation = YES;
				INFOPLIST_KEY_UIApplicationSupportsIndirectInputEvents = YES;
				INFOPLIST_KEY_UILaunchScreen_Generation = YES;
				INFOPLIST_KEY_UISupportedInterfaceOrientations_iPad = "UIInterfaceOrientationPortrait UIInterfaceOrientationPortraitUpsideDown UIInterfaceOrientationLandscapeLeft UIInterfaceOrientationLandscapeRight";
				INFOPLIST_KEY_UISupportedInterfaceOrientations_iPhone = "UIInterfaceOrientationPortrait UIInterfaceOrientationLandscapeLeft UIInterfaceOrientationLandscapeRight";
				LD_RUNPATH_SEARCH_PATHS = (
					"$(inherited)",
					"@executable_path/Frameworks",
				);
				MARKETING_VERSION = 1.0;
				PRODUCT_BUNDLE_IDENTIFIER = com.iSwift.StackLayout;
				PRODUCT_NAME = "$(TARGET_NAME)";
				SWIFT_EMIT_LOC_STRINGS = YES;
				SWIFT_VERSION = 5.0;
				TARGETED_DEVICE_FAMILY = "1,2";
			};
			name = Debug;
		};
		6AE33AA92B89A1F3008E2F4D /* Release */ = {
			isa = XCBuildConfiguration;
			buildSettings = {
				ASSETCATALOG_COMPILER_APPICON_NAME = AppIcon;
				ASSETCATALOG_COMPILER_GLOBAL_ACCENT_COLOR_NAME = AccentColor;
				CODE_SIGN_STYLE = Automatic;
				CURRENT_PROJECT_VERSION = 1;
				DEVELOPMENT_ASSET_PATHS = "\"StackLayout/Preview Content\"";
				DEVELOPMENT_TEAM = WWDPD7C8KU;
				ENABLE_PREVIEWS = YES;
				GENERATE_INFOPLIST_FILE = YES;
				INFOPLIST_KEY_UIApplicationSceneManifest_Generation = YES;
				INFOPLIST_KEY_UIApplicationSupportsIndirectInputEvents = YES;
				INFOPLIST_KEY_UILaunchScreen_Generation = YES;
				INFOPLIST_KEY_UISupportedInterfaceOrientations_iPad = "UIInterfaceOrientationPortrait UIInterfaceOrientationPortraitUpsideDown UIInterfaceOrientationLandscapeLeft UIInterfaceOrientationLandscapeRight";
				INFOPLIST_KEY_UISupportedInterfaceOrientations_iPhone = "UIInterfaceOrientationPortrait UIInterfaceOrientationLandscapeLeft UIInterfaceOrientationLandscapeRight";
				LD_RUNPATH_SEARCH_PATHS = (
					"$(inherited)",
					"@executable_path/Frameworks",
				);
				MARKETING_VERSION = 1.0;
				PRODUCT_BUNDLE_IDENTIFIER = com.iSwift.StackLayout;
				PRODUCT_NAME = "$(TARGET_NAME)";
				SWIFT_EMIT_LOC_STRINGS = YES;
				SWIFT_VERSION = 5.0;
				TARGETED_DEVICE_FAMILY = "1,2";
			};
			name = Release;
		};
/* End XCBuildConfiguration section */

/* Begin XCConfigurationList section */
		6AE33A942B89A1F1008E2F4D /* Build configuration list for PBXProject "StackLayout" */ = {
			isa = XCConfigurationList;
			buildConfigurations = (
				6AE33AA52B89A1F3008E2F4D /* Debug */,
				6AE33AA62B89A1F3008E2F4D /* Release */,
			);
			defaultConfigurationIsVisible = 0;
			defaultConfigurationName = Release;
		};
		6AE33AA72B89A1F3008E2F4D /* Build configuration list for PBXNativeTarget "StackLayout" */ = {
			isa = XCConfigurationList;
			buildConfigurations = (
				6AE33AA82B89A1F3008E2F4D /* Debug */,
				6AE33AA92B89A1F3008E2F4D /* Release */,
			);
			defaultConfigurationIsVisible = 0;
			defaultConfigurationName = Release;
		};
/* End XCConfigurationList section */
	};
	rootObject = 6AE33A912B89A1F1008E2F4D /* Project object */;
}
